{
  "name": ".runework",
  "lockfileVersion": 3,
  "requires": true,
  "packages": {
    "": {
      "dependencies": {
        "runework": "file:..",
        "zx": "^8.0.0"
      },
      "devDependencies": {
        "@types/node": "^22.0.0"
      }
    },
    "..": {
      "name": "runework",
      "version": "0.1.0",
      "bundleDependencies": [
        "@runework/core",
        "@runework/workflows",
        "@runework/pipelines",
        "@runework/cli"
      ],
      "license": "MIT",
      "workspaces": [
        "packages/*"
      ],
      "dependencies": {
        "@runework/cli": "file:packages/cli",
        "@runework/core": "file:packages/core",
        "@runework/pipelines": "file:packages/pipelines",
        "@runework/workflows": "file:packages/workflows",
        "@types/react": "^19.2.14",
        "ink": "^6.8.0",
        "ink-spinner": "^5.0.0",
        "react": "^19.2.4",
        "zx": "^8.0.0"
      },
      "bin": {
        "runework-compare": "dist/cli/compare.js",
        "runework-detect": "dist/cli/detect.js",
        "runework-init": "dist/cli/init.js",
        "runework-pipeline": "dist/cli/pipeline.js",
        "runework-run": "dist/cli/run.js"
      },
      "devDependencies": {
        "@types/node": "^22.0.0",
        "eslint": "^9.0.0",
        "husky": "^9.0.0",
        "nx": "^21.0.0",
        "typescript": "^5.7.0",
        "typescript-eslint": "^8.0.0"
      },
      "engines": {
        "node": ">=24"
      }
    },
    "node_modules/@types/node": {
      "version": "22.19.15",
      "resolved": "https://registry.npmjs.org/@types/node/-/node-22.19.15.tgz",
      "integrity": "sha512-F0R/h2+dsy5wJAUe3tAU6oqa2qbWY5TpNfL/RGmo1y38hiyO1w3x2jPtt76wmuaJI4DQnOBu21cNXQ2STIUUWg==",
      "dev": true,
      "license": "MIT",
      "dependencies": {
        "undici-types": "~6.21.0"
      }
    },
    "node_modules/runework": {
      "resolved": "..",
      "link": true
    },
    "node_modules/undici-types": {
      "version": "6.21.0",
      "resolved": "https://registry.npmjs.org/undici-types/-/undici-types-6.21.0.tgz",
      "integrity": "sha512-iwDZqg0QAGrg9Rav5H4n0M64c3mkR59cJ6wQp+7C4nI0gsmExaedaYLNO44eT4AtBBwjbTiGPMlt2Md0T9H9JQ==",
      "dev": true,
      "license": "MIT"
    },
    "node_modules/zx": {
      "version": "8.8.5",
      "resolved": "https://registry.npmjs.org/zx/-/zx-8.8.5.tgz",
      "integrity": "sha512-SNgDF5L0gfN7FwVOdEFguY3orU5AkfFZm9B5YSHog/UDHv+lvmd82ZAsOenOkQixigwH2+yyH198AwNdKhj+RA==",
      "license": "Apache-2.0",
      "bin": {
        "zx": "build/cli.js"
      },
      "engines": {
        "node": ">= 12.17.0"
      }
    }
  }
}
